
Microsoft Visual Studio Solution File, Format Version 12.00
# Visual Studio Version 17
VisualStudioVersion = 17.3.32804.467
MinimumVisualStudioVersion = 10.0.40219.1
Project("{FAE04EC0-301F-11D3-BF4B-00C04F79EFBC}") = "WindowsMusawo", "WindowsMusawo\WindowsMusawo.csproj", "{99C3B00C-DE9A-45A5-BBAF-A600A66A9980}"
EndProject
Global
	GlobalSection(SolutionConfigurationPlatforms) = preSolution
		Debug|Any CPU = Debug|Any CPU
		Release|Any CPU = Release|Any CPU
	EndGlobalSection
	GlobalSection(ProjectConfigurationPlatforms) = postSolution
		{99C3B00C-DE9A-45A5-BBAF-A600A66A9980}.Debug|Any CPU.ActiveCfg = Debug|Any CPU
		{99C3B00C-DE9A-45A5-BBAF-A600A66A9980}.Debug|Any CPU.Build.0 = Debug|Any CPU
		{99C3B00C-DE9A-45A5-BBAF-A600A66A9980}.Release|Any CPU.ActiveCfg = Release|Any CPU
		{99C3B00C-DE9A-45A5-BBAF-A600A66A9980}.Release|Any CPU.Build.0 = Release|Any CPU
	EndGlobalSection
	GlobalSection(SolutionProperties) = preSolution
		HideSolutionNode = FALSE
	EndGlobalSection
	GlobalSection(ExtensibilityGlobals) = postSolution
		SolutionGuid = {13C7BD4C-3799-4EAF-8281-5C2B36041725}
	EndGlobalSection
EndGlobal
