
Microsoft Visual Studio Solution File, Format Version 12.00
# Visual Studio Version 16
VisualStudioVersion = 16.0.31410.357
MinimumVisualStudioVersion = 10.0.40219.1
Project("{FAE04EC0-301F-11D3-BF4B-00C04F79EFBC}") = "Windows-Junk-Cleaner-Service", "Windows-Junk-Cleaner-Service\Windows-Junk-Cleaner-Service.csproj", "{6E791BF5-6E11-49E9-A8B0-26290A3AB115}"
EndProject
Global
	GlobalSection(SolutionConfigurationPlatforms) = preSolution
		Debug|Any CPU = Debug|Any CPU
		Release|Any CPU = Release|Any CPU
	EndGlobalSection
	GlobalSection(ProjectConfigurationPlatforms) = postSolution
		{6E791BF5-6E11-49E9-A8B0-26290A3AB115}.Debug|Any CPU.ActiveCfg = Debug|Any CPU
		{6E791BF5-6E11-49E9-A8B0-26290A3AB115}.Debug|Any CPU.Build.0 = Debug|Any CPU
		{6E791BF5-6E11-49E9-A8B0-26290A3AB115}.Release|Any CPU.ActiveCfg = Release|Any CPU
		{6E791BF5-6E11-49E9-A8B0-26290A3AB115}.Release|Any CPU.Build.0 = Release|Any CPU
	EndGlobalSection
	GlobalSection(SolutionProperties) = preSolution
		HideSolutionNode = FALSE
	EndGlobalSection
	GlobalSection(ExtensibilityGlobals) = postSolution
		SolutionGuid = {98A68875-3A29-43B6-A692-7749722A9B54}
	EndGlobalSection
EndGlobal
